
Microsoft Visual Studio Solution File, Format Version 12.00
# Visual Studio Version 17
VisualStudioVersion = 17.0.31825.309
MinimumVisualStudioVersion = 10.0.40219.1
Project("{FAE04EC0-301F-11D3-BF4B-00C04F79EFBC}") = "Methods", "Methods\Methods.csproj", "{9504B32B-9FAF-49BE-93CC-395ABDFBA8CB}"
EndProject
Global
	GlobalSection(SolutionConfigurationPlatforms) = preSolution
		Debug|Any CPU = Debug|Any CPU
		Release|Any CPU = Release|Any CPU
	EndGlobalSection
	GlobalSection(ProjectConfigurationPlatforms) = postSolution
		{9504B32B-9FAF-49BE-93CC-395ABDFBA8CB}.Debug|Any CPU.ActiveCfg = Debug|Any CPU
		{9504B32B-9FAF-49BE-93CC-395ABDFBA8CB}.Debug|Any CPU.Build.0 = Debug|Any CPU
		{9504B32B-9FAF-49BE-93CC-395ABDFBA8CB}.Release|Any CPU.ActiveCfg = Release|Any CPU
		{9504B32B-9FAF-49BE-93CC-395ABDFBA8CB}.Release|Any CPU.Build.0 = Release|Any CPU
	EndGlobalSection
	GlobalSection(SolutionProperties) = preSolution
		HideSolutionNode = FALSE
	EndGlobalSection
	GlobalSection(ExtensibilityGlobals) = postSolution
		SolutionGuid = {F23ACF7D-3ACA-44DB-9CB5-BC943B4EE746}
	EndGlobalSection
EndGlobal
