
Microsoft Visual Studio Solution File, Format Version 12.00
# Visual Studio Version 17
VisualStudioVersion = 17.0.31825.309
MinimumVisualStudioVersion = 10.0.40219.1
Project("{FAE04EC0-301F-11D3-BF4B-00C04F79EFBC}") = "NestedIfs", "NestedIfs\NestedIfs.csproj", "{39B7D5F0-0EE8-4FD4-AE68-66BC52CAF844}"
EndProject
Global
	GlobalSection(SolutionConfigurationPlatforms) = preSolution
		Debug|Any CPU = Debug|Any CPU
		Release|Any CPU = Release|Any CPU
	EndGlobalSection
	GlobalSection(ProjectConfigurationPlatforms) = postSolution
		{39B7D5F0-0EE8-4FD4-AE68-66BC52CAF844}.Debug|Any CPU.ActiveCfg = Debug|Any CPU
		{39B7D5F0-0EE8-4FD4-AE68-66BC52CAF844}.Debug|Any CPU.Build.0 = Debug|Any CPU
		{39B7D5F0-0EE8-4FD4-AE68-66BC52CAF844}.Release|Any CPU.ActiveCfg = Release|Any CPU
		{39B7D5F0-0EE8-4FD4-AE68-66BC52CAF844}.Release|Any CPU.Build.0 = Release|Any CPU
	EndGlobalSection
	GlobalSection(SolutionProperties) = preSolution
		HideSolutionNode = FALSE
	EndGlobalSection
	GlobalSection(ExtensibilityGlobals) = postSolution
		SolutionGuid = {C3EBF36B-AB3C-4809-803F-D734F2D966B3}
	EndGlobalSection
EndGlobal
