
Microsoft Visual Studio Solution File, Format Version 12.00
# Visual Studio Version 17
VisualStudioVersion = 17.0.31825.309
MinimumVisualStudioVersion = 10.0.40219.1
Project("{FAE04EC0-301F-11D3-BF4B-00C04F79EFBC}") = "loginSystem", "loginSystem\loginSystem.csproj", "{BAC265CB-441F-4BBA-8D23-9A98989C3DFD}"
EndProject
Global
	GlobalSection(SolutionConfigurationPlatforms) = preSolution
		Debug|Any CPU = Debug|Any CPU
		Release|Any CPU = Release|Any CPU
	EndGlobalSection
	GlobalSection(ProjectConfigurationPlatforms) = postSolution
		{BAC265CB-441F-4BBA-8D23-9A98989C3DFD}.Debug|Any CPU.ActiveCfg = Debug|Any CPU
		{BAC265CB-441F-4BBA-8D23-9A98989C3DFD}.Debug|Any CPU.Build.0 = Debug|Any CPU
		{BAC265CB-441F-4BBA-8D23-9A98989C3DFD}.Release|Any CPU.ActiveCfg = Release|Any CPU
		{BAC265CB-441F-4BBA-8D23-9A98989C3DFD}.Release|Any CPU.Build.0 = Release|Any CPU
	EndGlobalSection
	GlobalSection(SolutionProperties) = preSolution
		HideSolutionNode = FALSE
	EndGlobalSection
	GlobalSection(ExtensibilityGlobals) = postSolution
		SolutionGuid = {6220E26D-9AD4-4D0A-A6FD-3086F8E75D60}
	EndGlobalSection
EndGlobal
