
Microsoft Visual Studio Solution File, Format Version 12.00
# Visual Studio Version 17
VisualStudioVersion = 17.0.31825.309
MinimumVisualStudioVersion = 10.0.40219.1
Project("{FAE04EC0-301F-11D3-BF4B-00C04F79EFBC}") = "Try_catch", "Try_catch\Try_catch.csproj", "{B6811AD5-534E-4768-91ED-5AEEA2D63676}"
EndProject
Global
	GlobalSection(SolutionConfigurationPlatforms) = preSolution
		Debug|Any CPU = Debug|Any CPU
		Release|Any CPU = Release|Any CPU
	EndGlobalSection
	GlobalSection(ProjectConfigurationPlatforms) = postSolution
		{B6811AD5-534E-4768-91ED-5AEEA2D63676}.Debug|Any CPU.ActiveCfg = Debug|Any CPU
		{B6811AD5-534E-4768-91ED-5AEEA2D63676}.Debug|Any CPU.Build.0 = Debug|Any CPU
		{B6811AD5-534E-4768-91ED-5AEEA2D63676}.Release|Any CPU.ActiveCfg = Release|Any CPU
		{B6811AD5-534E-4768-91ED-5AEEA2D63676}.Release|Any CPU.Build.0 = Release|Any CPU
	EndGlobalSection
	GlobalSection(SolutionProperties) = preSolution
		HideSolutionNode = FALSE
	EndGlobalSection
	GlobalSection(ExtensibilityGlobals) = postSolution
		SolutionGuid = {1CD07128-07F2-4E38-A075-B196D5A1DC60}
	EndGlobalSection
EndGlobal
